
Microsoft Visual Studio Solution File, Format Version 12.00
# Visual Studio Version 16
VisualStudioVersion = 16.0.32126.315
MinimumVisualStudioVersion = 10.0.40219.1
Project("{FAE04EC0-301F-11D3-BF4B-00C04F79EFBC}") = "DIP", "DIP\DIP.csproj", "{D3D2AF17-53FE-4224-BAA1-57153C8C40C6}"
EndProject
Project("{8BC9CEB8-8B4A-11D0-8D11-00A0C91BC942}") = "DIP_proc", "DIP_proc\DIP_proc.vcxproj", "{23A35AA4-590C-42DF-BA61-F621DDC8C0AA}"
EndProject
Global
	GlobalSection(SolutionConfigurationPlatforms) = preSolution
		Debug|Any CPU = Debug|Any CPU
		Debug|Mixed Platforms = Debug|Mixed Platforms
		Debug|Win32 = Debug|Win32
		Debug|x64 = Debug|x64
		Debug|x86 = Debug|x86
		Release|Any CPU = Release|Any CPU
		Release|Mixed Platforms = Release|Mixed Platforms
		Release|Win32 = Release|Win32
		Release|x64 = Release|x64
		Release|x86 = Release|x86
	EndGlobalSection
	GlobalSection(ProjectConfigurationPlatforms) = postSolution
		{D3D2AF17-53FE-4224-BAA1-57153C8C40C6}.Debug|Any CPU.ActiveCfg = Debug|Any CPU
		{D3D2AF17-53FE-4224-BAA1-57153C8C40C6}.Debug|Any CPU.Build.0 = Debug|Any CPU
		{D3D2AF17-53FE-4224-BAA1-57153C8C40C6}.Debug|Mixed Platforms.ActiveCfg = Debug|Any CPU
		{D3D2AF17-53FE-4224-BAA1-57153C8C40C6}.Debug|Mixed Platforms.Build.0 = Debug|Any CPU
		{D3D2AF17-53FE-4224-BAA1-57153C8C40C6}.Debug|Win32.ActiveCfg = Debug|Any CPU
		{D3D2AF17-53FE-4224-BAA1-57153C8C40C6}.Debug|x64.ActiveCfg = Debug|Any CPU
		{D3D2AF17-53FE-4224-BAA1-57153C8C40C6}.Debug|x64.Build.0 = Debug|Any CPU
		{D3D2AF17-53FE-4224-BAA1-57153C8C40C6}.Debug|x86.ActiveCfg = Debug|x86
		{D3D2AF17-53FE-4224-BAA1-57153C8C40C6}.Debug|x86.Build.0 = Debug|x86
		{D3D2AF17-53FE-4224-BAA1-57153C8C40C6}.Release|Any CPU.ActiveCfg = Release|Any CPU
		{D3D2AF17-53FE-4224-BAA1-57153C8C40C6}.Release|Any CPU.Build.0 = Release|Any CPU
		{D3D2AF17-53FE-4224-BAA1-57153C8C40C6}.Release|Mixed Platforms.ActiveCfg = Release|Any CPU
		{D3D2AF17-53FE-4224-BAA1-57153C8C40C6}.Release|Mixed Platforms.Build.0 = Release|Any CPU
		{D3D2AF17-53FE-4224-BAA1-57153C8C40C6}.Release|Win32.ActiveCfg = Release|Any CPU
		{D3D2AF17-53FE-4224-BAA1-57153C8C40C6}.Release|x64.ActiveCfg = Release|Any CPU
		{D3D2AF17-53FE-4224-BAA1-57153C8C40C6}.Release|x64.Build.0 = Release|Any CPU
		{D3D2AF17-53FE-4224-BAA1-57153C8C40C6}.Release|x86.ActiveCfg = Release|x86
		{D3D2AF17-53FE-4224-BAA1-57153C8C40C6}.Release|x86.Build.0 = Release|x86
		{23A35AA4-590C-42DF-BA61-F621DDC8C0AA}.Debug|Any CPU.ActiveCfg = Debug|Win32
		{23A35AA4-590C-42DF-BA61-F621DDC8C0AA}.Debug|Mixed Platforms.ActiveCfg = Debug|Win32
		{23A35AA4-590C-42DF-BA61-F621DDC8C0AA}.Debug|Mixed Platforms.Build.0 = Debug|Win32
		{23A35AA4-590C-42DF-BA61-F621DDC8C0AA}.Debug|Win32.ActiveCfg = Debug|Win32
		{23A35AA4-590C-42DF-BA61-F621DDC8C0AA}.Debug|Win32.Build.0 = Debug|Win32
		{23A35AA4-590C-42DF-BA61-F621DDC8C0AA}.Debug|x64.ActiveCfg = Debug|x64
		{23A35AA4-590C-42DF-BA61-F621DDC8C0AA}.Debug|x64.Build.0 = Debug|x64
		{23A35AA4-590C-42DF-BA61-F621DDC8C0AA}.Debug|x86.ActiveCfg = Debug|Win32
		{23A35AA4-590C-42DF-BA61-F621DDC8C0AA}.Debug|x86.Build.0 = Debug|Win32
		{23A35AA4-590C-42DF-BA61-F621DDC8C0AA}.Release|Any CPU.ActiveCfg = Release|Win32
		{23A35AA4-590C-42DF-BA61-F621DDC8C0AA}.Release|Mixed Platforms.ActiveCfg = Release|Win32
		{23A35AA4-590C-42DF-BA61-F621DDC8C0AA}.Release|Mixed Platforms.Build.0 = Release|Win32
		{23A35AA4-590C-42DF-BA61-F621DDC8C0AA}.Release|Win32.ActiveCfg = Release|Win32
		{23A35AA4-590C-42DF-BA61-F621DDC8C0AA}.Release|Win32.Build.0 = Release|Win32
		{23A35AA4-590C-42DF-BA61-F621DDC8C0AA}.Release|x64.ActiveCfg = Release|x64
		{23A35AA4-590C-42DF-BA61-F621DDC8C0AA}.Release|x64.Build.0 = Release|x64
		{23A35AA4-590C-42DF-BA61-F621DDC8C0AA}.Release|x86.ActiveCfg = Release|Win32
		{23A35AA4-590C-42DF-BA61-F621DDC8C0AA}.Release|x86.Build.0 = Release|Win32
	EndGlobalSection
	GlobalSection(SolutionProperties) = preSolution
		HideSolutionNode = FALSE
	EndGlobalSection
	GlobalSection(ExtensibilityGlobals) = postSolution
		SolutionGuid = {032F00CF-FA3A-453C-9D9A-7FF488CE2D4D}
	EndGlobalSection
EndGlobal
